
Microsoft Visual Studio Solution File, Format Version 12.00
# Visual Studio 14
VisualStudioVersion = 14.0.25420.1
MinimumVisualStudioVersion = 10.0.40219.1
Project("{2150E333-8FDC-42A3-9474-1A3956D46DE8}") = "src", "src", "{A9E6EF1C-C0C1-447B-BEC4-EF542115CD56}"
EndProject
Project("{2150E333-8FDC-42A3-9474-1A3956D46DE8}") = "Solution Items", "Solution Items", "{26BC9696-A608-4A31-B711-C7C9F25655C9}"
	ProjectSection(SolutionItems) = preProject
		global.json = global.json
	EndProjectSection
EndProject
Project("{8BB2217D-0F2D-49D1-97BC-3654ED321F3B}") = "WebApp.Entity", "src\WebApp.Entity\WebApp.Entity.xproj", "{F3AE6B49-D59E-46C1-8FEF-821BCF1F2365}"
EndProject
Project("{8BB2217D-0F2D-49D1-97BC-3654ED321F3B}") = "WebApp.Web", "src\WebApp.Web\WebApp.Web.xproj", "{1C305642-C2FC-4CFF-9E40-01776F07BAF4}"
EndProject
Global
	GlobalSection(SolutionConfigurationPlatforms) = preSolution
		Debug|Any CPU = Debug|Any CPU
		Release|Any CPU = Release|Any CPU
	EndGlobalSection
	GlobalSection(ProjectConfigurationPlatforms) = postSolution
		{F3AE6B49-D59E-46C1-8FEF-821BCF1F2365}.Debug|Any CPU.ActiveCfg = Debug|Any CPU
		{F3AE6B49-D59E-46C1-8FEF-821BCF1F2365}.Debug|Any CPU.Build.0 = Debug|Any CPU
		{F3AE6B49-D59E-46C1-8FEF-821BCF1F2365}.Release|Any CPU.ActiveCfg = Release|Any CPU
		{F3AE6B49-D59E-46C1-8FEF-821BCF1F2365}.Release|Any CPU.Build.0 = Release|Any CPU
		{1C305642-C2FC-4CFF-9E40-01776F07BAF4}.Debug|Any CPU.ActiveCfg = Debug|Any CPU
		{1C305642-C2FC-4CFF-9E40-01776F07BAF4}.Debug|Any CPU.Build.0 = Debug|Any CPU
		{1C305642-C2FC-4CFF-9E40-01776F07BAF4}.Release|Any CPU.ActiveCfg = Release|Any CPU
		{1C305642-C2FC-4CFF-9E40-01776F07BAF4}.Release|Any CPU.Build.0 = Release|Any CPU
	EndGlobalSection
	GlobalSection(SolutionProperties) = preSolution
		HideSolutionNode = FALSE
	EndGlobalSection
	GlobalSection(NestedProjects) = preSolution
		{F3AE6B49-D59E-46C1-8FEF-821BCF1F2365} = {A9E6EF1C-C0C1-447B-BEC4-EF542115CD56}
		{1C305642-C2FC-4CFF-9E40-01776F07BAF4} = {A9E6EF1C-C0C1-447B-BEC4-EF542115CD56}
	EndGlobalSection
EndGlobal
